version = 1
revision = 3
requires-python = ">=3.14"

[[package]]
name = "colorama"
version = "0.4.6"
source = { registry = "https://pypi.org/simple" }
sdist = { url = "https://files.pythonhosted.org/packages/d8/53/6f443c9a4a8358a93a6792e2acffb9d9d5cb0a5cfd8802644b7b1c9a02e4/colorama-0.4.6.tar.gz", hash = "sha256:08695f5cb7ed6e0531a20572697297273c47b8cae5a63ffc6d6ed5c201be6e44", size = 27697, upload-time = "2022-10-25T02:36:22.414Z" }
wheels = [
    { url = "https://files.pythonhosted.org/packages/d1/d6/3965ed04c63042e047cb6a3e6ed1a63a35087b6a609aa3a15ed8ac56c221/colorama-0.4.6-py2.py3-none-any.whl", hash = "sha256:4f1d9991f5acc0ca119f9d443620b77f9d6b33703e51011c16baf57afb285fc6", size = 25335, upload-time = "2022-10-25T02:36:20.889Z" },
]

[[package]]
name = "dbus-fast"
version = "5.0.22"
source = { registry = "https://pypi.org/simple" }
sdist = { url = "https://files.pythonhosted.org/packages/aa/db/b621610e50b1bc46ff63534d75239553c1bf33256de6096b58214fd9808a/dbus_fast-5.0.22.tar.gz", hash = "sha256:34dc67d7d21a12399828dd13e63b352750580beea54ea7c729e708f2d2905fef", size = 83224, upload-time = "2026-06-05T18:47:59.171Z" }
wheels = [
    { url = "https://files.pythonhosted.org/packages/2b/b6/171f8e92775254e2f42afe9e7501a57ace47f32de2969cb694a375dc9dce/dbus_fast-5.0.22-cp314-cp314-macosx_11_0_arm64.whl", hash = "sha256:511655d915692f55b8c5f5a535acf80cca9c6d1a35384db7fcfdabaae05dd837", size = 692986, upload-time = "2026-06-05T18:56:24.661Z" },
    { url = "https://files.pythonhosted.org/packages/b3/8c/4eefaabdf538882528164060ae83d9a34f1172b019c32c3254436834e9b1/dbus_fast-5.0.22-cp314-cp314-manylinux2014_aarch64.manylinux_2_17_aarch64.manylinux_2_28_aarch64.whl", hash = "sha256:703e0f8f9af52e8e053394ee2b578042be0c3d8ea2b1488f9db8cb14393cc13f", size = 810835, upload-time = "2026-06-05T18:56:26.356Z" },
    { url = "https://files.pythonhosted.org/packages/f5/cf/fd327dbb40ee67a9331fb587bf78aff2ab1500b35979978a5cacb10d7f8c/dbus_fast-5.0.22-cp314-cp314-manylinux2014_x86_64.manylinux_2_17_x86_64.manylinux_2_28_x86_64.whl", hash = "sha256:eb1d7e8e65561d0fd438004fd9e0f981c8a862912fed58dd4e29db1936c39d73", size = 855498, upload-time = "2026-06-05T18:56:28.009Z" },
    { url = "https://files.pythonhosted.org/packages/56/33/1709ebc16a4d353ddc4fcd29252e2b9d93bded6422a45fd6df170e0911c1/dbus_fast-5.0.22-cp314-cp314-manylinux_2_31_riscv64.manylinux_2_39_riscv64.whl", hash = "sha256:959fab6420897ab99410e67d6f9f9a7f6f4cedb6014700768f5e2d71dbff5dc6", size = 833510, upload-time = "2026-06-05T18:56:29.806Z" },
    { url = "https://files.pythonhosted.org/packages/b0/fd/89d7c34152900d986b9c78e39cc62aa73eefc22b57b3a8c946d945a85540/dbus_fast-5.0.22-cp314-cp314-manylinux_2_41_x86_64.whl", hash = "sha256:eb31c5ff339a7071b914617a69d5b7c6ba7d411da4b01a5f9b5b2fe51e9d1301", size = 853669, upload-time = "2026-06-05T18:47:56.747Z" },
    { url = "https://files.pythonhosted.org/packages/a6/a1/031cc4a89d947f1fe110f663f93dcce9230213b7accaf719790d813def04/dbus_fast-5.0.22-cp314-cp314-musllinux_1_2_aarch64.whl", hash = "sha256:856f0543c593f3480e93e67bcd1aa4ddc1d94a6076cfd3ad4e0f5e2b01b33dc3", size = 818486, upload-time = "2026-06-05T18:56:31.72Z" },
    { url = "https://files.pythonhosted.org/packages/36/e2/de8b764fdb947314fb8c2e079b556510194fd100983776845e234a107cc9/dbus_fast-5.0.22-cp314-cp314-musllinux_1_2_riscv64.whl", hash = "sha256:96d231d128c1f46f263790335897195dde9dac2f38571782db8ae1d8647bd548", size = 833582, upload-time = "2026-06-05T18:56:33.325Z" },
    { url = "https://files.pythonhosted.org/packages/b0/1f/e5f0dd28d07c4b3f7bafd3357bfa424c8dace355a3dad921fec05db4634b/dbus_fast-5.0.22-cp314-cp314-musllinux_1_2_x86_64.whl", hash = "sha256:595bd3ccfd8318cbafff79f33a15709fee3728724fd61d5fa220080d73b574cb", size = 862291, upload-time = "2026-06-05T18:56:35.102Z" },
    { url = "https://files.pythonhosted.org/packages/7c/dd/61086156a1c2d8ffd04d61a232debbaff8ca9fc1cf598476999e1f06164d/dbus_fast-5.0.22-cp314-cp314t-macosx_11_0_arm64.whl", hash = "sha256:69a077c296eaab8c30160e861b5514c33d99d67d41d17dbf02e89aae44543b11", size = 1353993, upload-time = "2026-06-05T18:56:36.849Z" },
    { url = "https://files.pythonhosted.org/packages/26/69/5b54654f598ef98e8f94fd5a40929668b1f8fcd76e7fb50de0db73d329da/dbus_fast-5.0.22-cp314-cp314t-manylinux2014_aarch64.manylinux_2_17_aarch64.manylinux_2_28_aarch64.whl", hash = "sha256:04bac97d0cb754a4d13037d0132517f1df28192d6e0568a0bf6df06623062285", size = 1534804, upload-time = "2026-06-05T18:56:38.804Z" },
    { url = "https://files.pythonhosted.org/packages/24/b7/c00d01699dc87ffc35f143226d3b296372840e2e2bc15101d35df7c74949/dbus_fast-5.0.22-cp314-cp314t-manylinux2014_x86_64.manylinux_2_17_x86_64.manylinux_2_28_x86_64.whl", hash = "sha256:3eb57d592d84b0bb90e0c077db7ecb61562f49cc9b86a3ef08cbe17243e9cc4f", size = 1613316, upload-time = "2026-06-05T18:56:40.461Z" },
    { url = "https://files.pythonhosted.org/packages/f3/94/ea0db4c1aa6409cb16551b50aa8573e72f64407ca5281b042919ef81ca1c/dbus_fast-5.0.22-cp314-cp314t-manylinux_2_31_riscv64.manylinux_2_39_riscv64.whl", hash = "sha256:de4d235d1282ebb3ab65b6cddab84e914c045d92ceb381ddcbdbaf66bf1fb132", size = 822053, upload-time = "2026-06-05T18:56:42.519Z" },
    { url = "https://files.pythonhosted.org/packages/40/e4/a3bb52185b8a8c76bd8aaba3ff4fa8395eea19fbc142122b43dc377b275c/dbus_fast-5.0.22-cp314-cp314t-musllinux_1_2_aarch64.whl", hash = "sha256:048f34299fbe82d7b87c56f47e8bd83f62339a4517685abc6671d603a55d2c89", size = 1549996, upload-time = "2026-06-05T18:56:44.307Z" },
    { url = "https://files.pythonhosted.org/packages/37/2b/6e405ba92e87d78a689a387809d975f97f8c8748b98efccfacd2b4e1d9f5/dbus_fast-5.0.22-cp314-cp314t-musllinux_1_2_riscv64.whl", hash = "sha256:92df9fb6d8adeb17b534621c2ee730295bbe1d0c2584d5c82b1db478e3f04e8f", size = 823004, upload-time = "2026-06-05T18:56:46.023Z" },
    { url = "https://files.pythonhosted.org/packages/b8/8f/77135ab8d690030cdb0ebeca879640b5945c4cbf5344ecbc507b4628da24/dbus_fast-5.0.22-cp314-cp314t-musllinux_1_2_x86_64.whl", hash = "sha256:7be4271e38251f1ad726962dec60da887c8ed352d157352e4fc27f56aece5c5d", size = 1629160, upload-time = "2026-06-05T18:56:47.688Z" },
]

[[package]]
name = "iniconfig"
version = "2.3.0"
source = { registry = "https://pypi.org/simple" }
sdist = { url = "https://files.pythonhosted.org/packages/72/34/14ca021ce8e5dfedc35312d08ba8bf51fdd999c576889fc2c24cb97f4f10/iniconfig-2.3.0.tar.gz", hash = "sha256:c76315c77db068650d49c5b56314774a7804df16fee4402c1f19d6d15d8c4730", size = 20503, upload-time = "2025-10-18T21:55:43.219Z" }
wheels = [
    { url = "https://files.pythonhosted.org/packages/cb/b1/3846dd7f199d53cb17f49cba7e651e9ce294d8497c8c150530ed11865bb8/iniconfig-2.3.0-py3-none-any.whl", hash = "sha256:f631c04d2c48c52b84d0d0549c99ff3859c98df65b3101406327ecc7d53fbf12", size = 7484, upload-time = "2025-10-18T21:55:41.639Z" },
]

[[package]]
name = "mouse-battery-widget"
version = "1.0.0"
source = { virtual = "." }

[package.dev-dependencies]
dev = [
    { name = "dbus-fast" },
    { name = "prek" },
    { name = "pyrefly" },
    { name = "pytest" },
    { name = "ruff" },
]

[package.metadata]

[package.metadata.requires-dev]
dev = [
    { name = "dbus-fast", specifier = ">=5.0.22" },
    { name = "prek", specifier = ">=0.4.9" },
    { name = "pyrefly", specifier = ">=1.1.1" },
    { name = "pytest", specifier = ">=9.1.1" },
    { name = "ruff", specifier = ">=0.15.21" },
]

[[package]]
name = "packaging"
version = "26.2"
source = { registry = "https://pypi.org/simple" }
sdist = { url = "https://files.pythonhosted.org/packages/d7/f1/e7a6dd94a8d4a5626c03e4e99c87f241ba9e350cd9e6d75123f992427270/packaging-26.2.tar.gz", hash = "sha256:ff452ff5a3e828ce110190feff1178bb1f2ea2281fa2075aadb987c2fb221661", size = 228134, upload-time = "2026-04-24T20:15:23.917Z" }
wheels = [
    { url = "https://files.pythonhosted.org/packages/df/b2/87e62e8c3e2f4b32e5fe99e0b86d576da1312593b39f47d8ceef365e95ed/packaging-26.2-py3-none-any.whl", hash = "sha256:5fc45236b9446107ff2415ce77c807cee2862cb6fac22b8a73826d0693b0980e", size = 100195, upload-time = "2026-04-24T20:15:22.081Z" },
]

[[package]]
name = "pluggy"
version = "1.6.0"
source = { registry = "https://pypi.org/simple" }
sdist = { url = "https://files.pythonhosted.org/packages/f9/e2/3e91f31a7d2b083fe6ef3fa267035b518369d9511ffab804f839851d2779/pluggy-1.6.0.tar.gz", hash = "sha256:7dcc130b76258d33b90f61b658791dede3486c3e6bfb003ee5c9bfb396dd22f3", size = 69412, upload-time = "2025-05-15T12:30:07.975Z" }
wheels = [
    { url = "https://files.pythonhosted.org/packages/54/20/4d324d65cc6d9205fabedc306948156824eb9f0ee1633355a8f7ec5c66bf/pluggy-1.6.0-py3-none-any.whl", hash = "sha256:e920276dd6813095e9377c0bc5566d94c932c33b27a3e3945d8389c374dd4746", size = 20538, upload-time = "2025-05-15T12:30:06.134Z" },
]

[[package]]
name = "prek"
version = "0.4.9"
source = { registry = "https://pypi.org/simple" }
sdist = { url = "https://files.pythonhosted.org/packages/ea/df/94ed29398576e03494c5aacda8bfed9536edf348bed29cd09f382f2b9b23/prek-0.4.9.tar.gz", hash = "sha256:f8b86441484a5756f3fdb6f3b201d3d448f8845902a84653d78cbf6f875c424f", size = 492711, upload-time = "2026-07-11T11:04:04.332Z" }
wheels = [
    { url = "https://files.pythonhosted.org/packages/10/02/632446b72103daf92526203bf83cb76043ebce70588632aa2aea3741da07/prek-0.4.9-py3-none-linux_armv6l.whl", hash = "sha256:7b240ad6f679104309a944c4dd427ccc46d9aaf4f53ee07379c02bf7578c2750", size = 5637604, upload-time = "2026-07-11T11:03:38.985Z" },
    { url = "https://files.pythonhosted.org/packages/57/bf/89daefc85a1db9b8c525731c77121de0a8f57731e81c99d823e919e1f6a5/prek-0.4.9-py3-none-macosx_10_12_x86_64.whl", hash = "sha256:5cbb220d6d77cb047747dcabf421375fdfdd958e01a998a854758698d38fb239", size = 5960396, upload-time = "2026-07-11T11:03:40.953Z" },
    { url = "https://files.pythonhosted.org/packages/42/39/0e448da00671e77740be32cca96530ef64bcdbed178acce7f155b87f6057/prek-0.4.9-py3-none-macosx_11_0_arm64.whl", hash = "sha256:fd85df4c186becdc47b2e6155de8cace99133c7517387e30f08ca15b93ead11f", size = 5524982, upload-time = "2026-07-11T11:03:42.605Z" },
    { url = "https://files.pythonhosted.org/packages/71/e5/1beceff9cfcf02817c06f38e726c9875cd003f62cbfa516f282fb3c3109b/prek-0.4.9-py3-none-manylinux_2_17_aarch64.manylinux2014_aarch64.musllinux_1_1_aarch64.whl", hash = "sha256:ba40511145e948d461d6641b556b6ff671b186b0c90743600b9dcb788dd5eb5c", size = 5793691, upload-time = "2026-07-11T11:03:44.106Z" },
    { url = "https://files.pythonhosted.org/packages/7e/17/99e4884c45c46be90e81e220d2bdd5020716963707ef6702361cc398dd91/prek-0.4.9-py3-none-manylinux_2_17_armv7l.manylinux2014_armv7l.whl", hash = "sha256:0cc5c06ae448568d076bb5e7ce4d630879d6467b2a89fd79061c349a47826efa", size = 5544549, upload-time = "2026-07-11T11:03:45.564Z" },
    { url = "https://files.pythonhosted.org/packages/0c/4b/63f5fe22d867a6e07b12e8a7887a0f3b193c2ef0fa9ed80649f2d257f4ac/prek-0.4.9-py3-none-manylinux_2_17_i686.manylinux2014_i686.whl", hash = "sha256:31af616c216ec7e47913802b082ca816d707d24738fa58eae0463ae296cbe71e", size = 5948798, upload-time = "2026-07-11T11:03:47.424Z" },
    { url = "https://files.pythonhosted.org/packages/1f/89/90d5005436afb6ab99d3ba6599820fe0f0fcb776f5e9e362b5a19e10cbea/prek-0.4.9-py3-none-manylinux_2_17_s390x.manylinux2014_s390x.whl", hash = "sha256:a1ef842d7f19879fac2135c42ba15508f2677346ba800bc8bb82e5f43fe6a6ec", size = 6696938, upload-time = "2026-07-11T11:03:49Z" },
    { url = "https://files.pythonhosted.org/packages/2a/62/068dd25e1106e262b0ce69ffcdc594cf52d85aa13f64628f851e458980d4/prek-0.4.9-py3-none-manylinux_2_17_x86_64.manylinux2014_x86_64.whl", hash = "sha256:442ecf6a454c692bc8a2d5a16936a0fe8e3419727ff208e15818932acca9923a", size = 6170870, upload-time = "2026-07-11T11:03:50.407Z" },
    { url = "https://files.pythonhosted.org/packages/8e/42/bb1f3f3d84af4d12bb675ff071305fa776d3525c10626465d9960ad93c21/prek-0.4.9-py3-none-manylinux_2_28_aarch64.whl", hash = "sha256:5b3c590252e3d5724ebed3774695712ff7cb554743b25184808aa5f42b06bd4c", size = 5800355, upload-time = "2026-07-11T11:03:51.882Z" },
    { url = "https://files.pythonhosted.org/packages/a5/ca/dfc8312b4a7ce8fa100ce37a843279d108eec7e7fe2ddbe069448acd1642/prek-0.4.9-py3-none-manylinux_2_31_riscv64.whl", hash = "sha256:1dd283b15dec4da29caa3910bd72c8c9d7df93209770503465ad109d6370cb8e", size = 5655126, upload-time = "2026-07-11T11:03:53.388Z" },
    { url = "https://files.pythonhosted.org/packages/25/8a/b19413cb64b81c18502ea7bbef32897f9126b8e53b58cd656996573dc53c/prek-0.4.9-py3-none-musllinux_1_1_armv7l.whl", hash = "sha256:cc25e30e1700a5c7dd9bad665c321e5589b51502bb1bbc6ada45e326d08b428b", size = 5517839, upload-time = "2026-07-11T11:03:54.884Z" },
    { url = "https://files.pythonhosted.org/packages/94/af/900df3f7535e87045df331646c6a01bef6e77dba7f2bdb53483f30cbb988/prek-0.4.9-py3-none-musllinux_1_1_i686.whl", hash = "sha256:4ff5947deeb9a92e6508dfba8b27962dfb927bf60fd36472c9ae862df96fb38c", size = 5802556, upload-time = "2026-07-11T11:03:56.787Z" },
    { url = "https://files.pythonhosted.org/packages/e9/7b/80e560cbe396d0f8687012769cb2d7d7f3428dd019549225ebf205dea806/prek-0.4.9-py3-none-musllinux_1_1_x86_64.whl", hash = "sha256:8320ca167d41855d9c4fed66df599f31f96307cbb0da1311a9fe465152e20bd5", size = 6285747, upload-time = "2026-07-11T11:03:58.099Z" },
    { url = "https://files.pythonhosted.org/packages/a3/d4/01ae3b99d09559a69befd128859d0036c604608dd9c6c99986592dde3c21/prek-0.4.9-py3-none-win32.whl", hash = "sha256:b1e8d3bc88ddce6414853468ed8126f45d4ae20f2f4677801ade20ad67a826fa", size = 5320862, upload-time = "2026-07-11T11:03:59.803Z" },
    { url = "https://files.pythonhosted.org/packages/28/68/d038b14f0220fed197be8bc93229e6ea7ad460803ff8a26e4b14a8c81f66/prek-0.4.9-py3-none-win_amd64.whl", hash = "sha256:ed1b4f87a13d1565e8731c60db7fa058966049cbb4d8872d160add510a286558", size = 5706850, upload-time = "2026-07-11T11:04:01.207Z" },
    { url = "https://files.pythonhosted.org/packages/02/4a/57d04de49f591088901794cc22f36563a102681e3512ae17ee6085cd2f30/prek-0.4.9-py3-none-win_arm64.whl", hash = "sha256:7eab3900d9ea614c8ea0d0d55a8b708f0c88e43c966dc8b13a4e36c1e398dd16", size = 5540477, upload-time = "2026-07-11T11:04:02.815Z" },
]

[[package]]
name = "pygments"
version = "2.20.0"
source = { registry = "https://pypi.org/simple" }
sdist = { url = "https://files.pythonhosted.org/packages/c3/b2/bc9c9196916376152d655522fdcebac55e66de6603a76a02bca1b6414f6c/pygments-2.20.0.tar.gz", hash = "sha256:6757cd03768053ff99f3039c1a36d6c0aa0b263438fcab17520b30a303a82b5f", size = 4955991, upload-time = "2026-03-29T13:29:33.898Z" }
wheels = [
    { url = "https://files.pythonhosted.org/packages/f4/7e/a72dd26f3b0f4f2bf1dd8923c85f7ceb43172af56d63c7383eb62b332364/pygments-2.20.0-py3-none-any.whl", hash = "sha256:81a9e26dd42fd28a23a2d169d86d7ac03b46e2f8b59ed4698fb4785f946d0176", size = 1231151, upload-time = "2026-03-29T13:29:30.038Z" },
]

[[package]]
name = "pyrefly"
version = "1.1.1"
source = { registry = "https://pypi.org/simple" }
sdist = { url = "https://files.pythonhosted.org/packages/8e/20/976165fa4b1517a1a92f393b3f4d4badabfff1165eff09d4cd4908428183/pyrefly-1.1.1.tar.gz", hash = "sha256:6deda959f8603a7dbdf112c48983e2275b2903cf33c8c739ed65d7e71a4fd520", size = 5880491, upload-time = "2026-06-18T23:45:43.785Z" }
wheels = [
    { url = "https://files.pythonhosted.org/packages/b5/d6/02ba666018c6a1cb4ddfa2db98ada721adddd374db5c29ba47a0bf2637fa/pyrefly-1.1.1-py3-none-macosx_10_12_x86_64.whl", hash = "sha256:f4b8595f91885bc8b5e3c282ab68d1df21201668a84e6508b1e15f2feec0bb8d", size = 13631867, upload-time = "2026-06-18T23:45:13.923Z" },
    { url = "https://files.pythonhosted.org/packages/71/47/7a3457dbbddb513a83cf4fe527d5d5ebda5201a1010ad2a6034030e3e358/pyrefly-1.1.1-py3-none-macosx_11_0_arm64.whl", hash = "sha256:d6b238e1362622d47a6eb5af704fd8b613c94e8c303386efd6350e3da59fecc8", size = 13075304, upload-time = "2026-06-18T23:45:16.865Z" },
    { url = "https://files.pythonhosted.org/packages/84/df/70f4b3f42d58ed686a80df31e04eca54d88036cea4f9b96195c64ad0b2b5/pyrefly-1.1.1-py3-none-manylinux_2_17_aarch64.manylinux2014_aarch64.whl", hash = "sha256:b50d4510e4f8aaea79e2c4b343a4d7a060c9451c0b2aa9bfe10d7ca1ef33d68d", size = 13446966, upload-time = "2026-06-18T23:45:19.644Z" },
    { url = "https://files.pythonhosted.org/packages/3c/53/12a19bd6c7af985bcbc13c6910d0f9f6684069ead2282a5c08c2bfbb5d03/pyrefly-1.1.1-py3-none-manylinux_2_17_i686.manylinux2014_i686.whl", hash = "sha256:f330cf039ef3da3b910c84f3a7e431f0cf8d0c1d2dad26491d6cadf3c7cd4759", size = 14449222, upload-time = "2026-06-18T23:45:22.252Z" },
    { url = "https://files.pythonhosted.org/packages/93/f0/e55c48a50076fc0f9ecf4bdedec50456db383e01162f5e2121f8468be071/pyrefly-1.1.1-py3-none-manylinux_2_17_ppc64le.manylinux2014_ppc64le.whl", hash = "sha256:a6342d87c52b04f72156da04f554c4d57f3616f2b32d1763969efb22d05a1407", size = 14472947, upload-time = "2026-06-18T23:45:24.858Z" },
    { url = "https://files.pythonhosted.org/packages/b6/e7/30e085b31fed978ecb675bdbb54df566673ab550469e5af2d350f6af0be6/pyrefly-1.1.1-py3-none-manylinux_2_17_x86_64.manylinux2014_x86_64.whl", hash = "sha256:c08b814ad03175e9cf47111390537161828b472044c39ab3320252b3ac6b2edd", size = 13975252, upload-time = "2026-06-18T23:45:27.247Z" },
    { url = "https://files.pythonhosted.org/packages/47/58/49c3e67641133d3fe5d8d9a660dc0826c6c37ca197d86cad05fa7dd8bfd6/pyrefly-1.1.1-py3-none-musllinux_1_2_aarch64.whl", hash = "sha256:d50cad97f19fc893b04deff7239626cffff5dd27ffb29b7d303a1b770247b208", size = 13471780, upload-time = "2026-06-18T23:45:29.775Z" },
    { url = "https://files.pythonhosted.org/packages/71/1e/65a7ba8355e2c39d8331832905fb74dcc85fc122a3f1dfd6dbf2a88907ad/pyrefly-1.1.1-py3-none-musllinux_1_2_x86_64.whl", hash = "sha256:2150b450ee6a6bcbe69b2d45d9a4ebc934a609e1abcf65e490433f38eb873d84", size = 13989306, upload-time = "2026-06-18T23:45:32.576Z" },
    { url = "https://files.pythonhosted.org/packages/37/de/b7ee1ab2392c36945738246fba7524439810befa3cfcc03cb6157567fc10/pyrefly-1.1.1-py3-none-win32.whl", hash = "sha256:5ffd8a8ed62fe4e6bf0afe1837d1bad149bb3b9f80e928ef248c96b836db3742", size = 12608469, upload-time = "2026-06-18T23:45:35.419Z" },
    { url = "https://files.pythonhosted.org/packages/a6/9c/a0f5b52934bf80e9c7eff08222e7caf318287b9aef76acb8d9ac5740581b/pyrefly-1.1.1-py3-none-win_amd64.whl", hash = "sha256:4e0430f3ef69c8ac73505fd6584db70ed504665a9f0816fef7f723de510f26cb", size = 13502172, upload-time = "2026-06-18T23:45:38.375Z" },
    { url = "https://files.pythonhosted.org/packages/42/3d/4c6bcb3d456835f51445d3662a428f56c3ea5643ec798c577030ae34298c/pyrefly-1.1.1-py3-none-win_arm64.whl", hash = "sha256:83baf0db71e172665db1fca0ced50b8f7773f5192ca57e8ac6773a772b6d2fc5", size = 12895979, upload-time = "2026-06-18T23:45:41.026Z" },
]

[[package]]
name = "pytest"
version = "9.1.1"
source = { registry = "https://pypi.org/simple" }
dependencies = [
    { name = "colorama", marker = "sys_platform == 'win32'" },
    { name = "iniconfig" },
    { name = "packaging" },
    { name = "pluggy" },
    { name = "pygments" },
]
sdist = { url = "https://files.pythonhosted.org/packages/e4/47/b9efed96c114afcfa3c9d3fe98a76a1d14c74a9e266d397cf6eb64be5e01/pytest-9.1.1.tar.gz", hash = "sha256:1088fbde8f2b49d95a549a195707afa7a76a3ce9bcadc26b6d71f0ffda5fe313", size = 1636369, upload-time = "2026-06-19T10:58:32.857Z" }
wheels = [
    { url = "https://files.pythonhosted.org/packages/24/25/1de2678b631f5a49215c6c96fff41ba892b0a34df68d6d80292b1b48aa7f/pytest-9.1.1-py3-none-any.whl", hash = "sha256:37a86b45efb9a47a61a36449063e8e18d0cab3161329fc099eb21783169c4f0c", size = 386536, upload-time = "2026-06-19T10:58:31.347Z" },
]

[[package]]
name = "ruff"
version = "0.15.21"
source = { registry = "https://pypi.org/simple" }
sdist = { url = "https://files.pythonhosted.org/packages/0f/36/6f65aa9989acdec45d417192d8f4e7921931d8a6cf87ac74bce3eed98a8e/ruff-0.15.21.tar.gz", hash = "sha256:d0cfc841c572283c36548f82664a54ce6565567f1b0d5b4cf2caac693d8b7500", size = 4769401, upload-time = "2026-07-09T20:01:34.005Z" }
wheels = [
    { url = "https://files.pythonhosted.org/packages/d0/c6/ede15cac6839f3dbce52565c8f5164a8210e669c7bc4decb03e5bdf47d0d/ruff-0.15.21-py3-none-linux_armv6l.whl", hash = "sha256:63ea0e965e5d73c90e95b2434beeafc70820536717f561b32ab6e777cb9bdf5d", size = 10854342, upload-time = "2026-07-09T20:00:53.998Z" },
    { url = "https://files.pythonhosted.org/packages/28/9d/d825b07ee7ea9e2d61df92a860033c94e06e7300d50a1c2653aac27d24fe/ruff-0.15.21-py3-none-macosx_10_12_x86_64.whl", hash = "sha256:0f212c5d7d54c01bbfe6dcab02b724a39300f3e34ed7acbe995ccb320a2c58bd", size = 11139539, upload-time = "2026-07-09T20:00:57.809Z" },
    { url = "https://files.pythonhosted.org/packages/f5/de/3b107712e642f063c7a9e0887c427b22cb44097de5aab36c05f2e280670c/ruff-0.15.21-py3-none-macosx_11_0_arm64.whl", hash = "sha256:e6312e41bc96791299614995ea3a977c5857c3b5662b1ecef6755b02b87cb646", size = 10595437, upload-time = "2026-07-09T20:01:00.006Z" },
    { url = "https://files.pythonhosted.org/packages/9a/6f/b4523cc90ba239ede441447a19d0c968846a3012e5a0b0c5b62831a3d5e3/ruff-0.15.21-py3-none-manylinux_2_17_aarch64.manylinux2014_aarch64.whl", hash = "sha256:01d65b4831c6b2a4ba8ee6faa84049d44d982b7a706e622c4094c509e51673be", size = 10990053, upload-time = "2026-07-09T20:01:02.187Z" },
    { url = "https://files.pythonhosted.org/packages/92/cc/c6a9872a5375f0628875481cf2f66b13d7d865bf3ca2e57f91c7e762d976/ruff-0.15.21-py3-none-manylinux_2_17_armv7l.manylinux2014_armv7l.whl", hash = "sha256:2c5a913a589120ce67933d5d05fd6ddbcc2481c6a054980ee767f7414c72b4fd", size = 10666096, upload-time = "2026-07-09T20:01:04.299Z" },
    { url = "https://files.pythonhosted.org/packages/ab/97/c621f7a17e097f1790fa3af6374138823b330b2d03fc38337945daca212c/ruff-0.15.21-py3-none-manylinux_2_17_i686.manylinux2014_i686.whl", hash = "sha256:5ef04b681d02ad4dc9620f00f83ac5c22f652d0e9a9cfe431d219b16ad5ccc41", size = 11537011, upload-time = "2026-07-09T20:01:06.771Z" },
    { url = "https://files.pythonhosted.org/packages/ea/51/d928727e476e25ccc57c6f449ffd80241a651a973ad949d39cfb2a771d28/ruff-0.15.21-py3-none-manylinux_2_17_ppc64le.manylinux2014_ppc64le.whl", hash = "sha256:16d090c0740916594157e75b80d666eab8e78083b39b3b0e1d698f4670a17b86", size = 12347101, upload-time = "2026-07-09T20:01:08.859Z" },
    { url = "https://files.pythonhosted.org/packages/1e/88/8cd62026802b16018ad06931d87997cf795ba2a6239ab659606c87d96bf0/ruff-0.15.21-py3-none-manylinux_2_17_s390x.manylinux2014_s390x.whl", hash = "sha256:3a10e74757dd65004d779b73e2f3c5210156d9980b41224d50d2ebcf1db51e67", size = 11572001, upload-time = "2026-07-09T20:01:11.092Z" },
    { url = "https://files.pythonhosted.org/packages/b2/97/f63084cf55444fc110e8cb985ebfcc592af47f597d44453d778cb81bc156/ruff-0.15.21-py3-none-manylinux_2_17_x86_64.manylinux2014_x86_64.whl", hash = "sha256:bab0905d2f29e0d9fbc3c373ed23db0095edaa3f71f1f4f519ec15134d9e85c8", size = 11549239, upload-time = "2026-07-09T20:01:13.27Z" },
    { url = "https://files.pythonhosted.org/packages/9d/77/f107da4a2874b7715914b03f09ba9c54424de3ff8a1cc5d015d3ee2ce0ac/ruff-0.15.21-py3-none-manylinux_2_31_riscv64.whl", hash = "sha256:00eca240af5789fec6fe7df74c088cc1f9644ed83027113468efba7c92b94075", size = 11535340, upload-time = "2026-07-09T20:01:15.206Z" },
    { url = "https://files.pythonhosted.org/packages/d5/e9/601deb322d3303a7bf212b0100ead6f2ee3f6a044d89c30f2f92bf83c731/ruff-0.15.21-py3-none-musllinux_1_2_aarch64.whl", hash = "sha256:262ab31557a75141325e32d3357f3597645a7f084e732b6b054dde428ecd9341", size = 10964048, upload-time = "2026-07-09T20:01:17.723Z" },
    { url = "https://files.pythonhosted.org/packages/ea/2e/0f2176d1e99c15192caea19c8c3a0a955246b4cb4de795042eeb616345cd/ruff-0.15.21-py3-none-musllinux_1_2_armv7l.whl", hash = "sha256:659c4e7a4212f83306045ec7c5e5a356d16d9a6ef4ae0c7a4d872914fc655d9d", size = 10667055, upload-time = "2026-07-09T20:01:19.73Z" },
    { url = "https://files.pythonhosted.org/packages/48/60/abd74a02e0c4214f12a68becfd30af7165cfdcb0e661ecdc60bbb949c09a/ruff-0.15.21-py3-none-musllinux_1_2_i686.whl", hash = "sha256:9e866eab611a5f959d36df2d10e446973a3610bc42b0c15b31dc27977d59c233", size = 11242043, upload-time = "2026-07-09T20:01:21.947Z" },
    { url = "https://files.pythonhosted.org/packages/b2/c6/583075d8ccabb4b229345edcaf1545eb3d8d6be90f686a479d7e94088bbf/ruff-0.15.21-py3-none-musllinux_1_2_x86_64.whl", hash = "sha256:e89bc93c0d3803ba870b55c29671bad9dc6d94bb1eb181b056b52eb05b52854f", size = 11648064, upload-time = "2026-07-09T20:01:24.023Z" },
    { url = "https://files.pythonhosted.org/packages/3a/3c/37d0ecb729a7cc2d393ea7dce316fc585680f35d93b8d62139d7d0a3700c/ruff-0.15.21-py3-none-win32.whl", hash = "sha256:01f8d5be84823c172b389e123174f781f9daf86d6c58719d603f941932195cdd", size = 10896555, upload-time = "2026-07-09T20:01:26.941Z" },
    { url = "https://files.pythonhosted.org/packages/c0/b8/e43466b2a6067ce91e669068f6e28d6c719a920f014b070d5c8731725de3/ruff-0.15.21-py3-none-win_amd64.whl", hash = "sha256:d4b8d9a2f0f12b816b50447f6eccb9f4bb01a6b82c86b50fb3b5354b458dc6d3", size = 12038772, upload-time = "2026-07-09T20:01:29.497Z" },
    { url = "https://files.pythonhosted.org/packages/dd/75/e90ab9aeece218a9fc5a5bc3ec97d0ee6bb3c4ff95869463c1de58e29a1c/ruff-0.15.21-py3-none-win_arm64.whl", hash = "sha256:6e83115d4b9377c1cbc13abf0e051f069fab0ef815ea0504a8a008cee24dd0a8", size = 11375265, upload-time = "2026-07-09T20:01:31.772Z" },
]
